
Microsoft Visual Studio Solution File, Format Version 12.00
# Visual Studio Version 17
VisualStudioVersion = 17.5.002.0
MinimumVisualStudioVersion = 10.0.40219.1
Project("{9A19103F-16F7-4668-BE54-9A1E7A4F7556}") = "DesafioFundamentos", "DesafioFundamentos.csproj", "{73AAB48A-9B00-4B1B-95EA-276A32CFEFB0}"
EndProject
Global
	GlobalSection(SolutionConfigurationPlatforms) = preSolution
		Debug|Any CPU = Debug|Any CPU
		Release|Any CPU = Release|Any CPU
	EndGlobalSection
	GlobalSection(ProjectConfigurationPlatforms) = postSolution
		{73AAB48A-9B00-4B1B-95EA-276A32CFEFB0}.Debug|Any CPU.ActiveCfg = Debug|Any CPU
		{73AAB48A-9B00-4B1B-95EA-276A32CFEFB0}.Debug|Any CPU.Build.0 = Debug|Any CPU
		{73AAB48A-9B00-4B1B-95EA-276A32CFEFB0}.Release|Any CPU.ActiveCfg = Release|Any CPU
		{73AAB48A-9B00-4B1B-95EA-276A32CFEFB0}.Release|Any CPU.Build.0 = Release|Any CPU
	EndGlobalSection
	GlobalSection(SolutionProperties) = preSolution
		HideSolutionNode = FALSE
	EndGlobalSection
	GlobalSection(ExtensibilityGlobals) = postSolution
		SolutionGuid = {3E29A3FB-1AB6-4AED-A064-EFC72EAB21C3}
	EndGlobalSection
EndGlobal
